// !$*UTF8*$!
{
	archiveVersion = 1;
	classes = {
	};
	objectVersion = 56;
	objects = {

/* Begin PBXBuildFile section */
		5469CFB72BA477130069B5AF /* ToDoListItem+CoreDataProperties.swift in Sources */ = {isa = PBXBuildFile; fileRef = 5469CFB62BA477130069B5AF /* ToDoListItem+CoreDataProperties.swift */; };
		5469CFB92BA4775F0069B5AF /* ToDoListItem+CoreDataClass.swift in Sources */ = {isa = PBXBuildFile; fileRef = 5469CFB82BA4775F0069B5AF /* ToDoListItem+CoreDataClass.swift */; };
		5469CFBD2BA4CD9B0069B5AF /* Utils.swift in Sources */ = {isa = PBXBuildFile; fileRef = 5469CFBC2BA4CD9B0069B5AF /* Utils.swift */; };
		54D62D7C2BA3909F00AE21BD /* AppDelegate.swift in Sources */ = {isa = PBXBuildFile; fileRef = 54D62D7B2BA3909F00AE21BD /* AppDelegate.swift */; };
		54D62D7E2BA3909F00AE21BD /* SceneDelegate.swift in Sources */ = {isa = PBXBuildFile; fileRef = 54D62D7D2BA3909F00AE21BD /* SceneDelegate.swift */; };
		54D62D802BA3909F00AE21BD /* PrimeToDoViewController.swift in Sources */ = {isa = PBXBuildFile; fileRef = 54D62D7F2BA3909F00AE21BD /* PrimeToDoViewController.swift */; };
		54D62D832BA3909F00AE21BD /* Main.storyboard in Resources */ = {isa = PBXBuildFile; fileRef = 54D62D812BA3909F00AE21BD /* Main.storyboard */; };
		54D62D862BA3909F00AE21BD /* Prime_To_Do.xcdatamodeld in Sources */ = {isa = PBXBuildFile; fileRef = 54D62D842BA3909F00AE21BD /* Prime_To_Do.xcdatamodeld */; };
		54D62D882BA390A200AE21BD /* Assets.xcassets in Resources */ = {isa = PBXBuildFile; fileRef = 54D62D872BA390A200AE21BD /* Assets.xcassets */; };
		54D62D8B2BA390A200AE21BD /* LaunchScreen.storyboard in Resources */ = {isa = PBXBuildFile; fileRef = 54D62D892BA390A200AE21BD /* LaunchScreen.storyboard */; };
		54D62D962BA390A200AE21BD /* Prime_To_DoTests.swift in Sources */ = {isa = PBXBuildFile; fileRef = 54D62D952BA390A200AE21BD /* Prime_To_DoTests.swift */; };
		54D62DA02BA390A200AE21BD /* Prime_To_DoUITests.swift in Sources */ = {isa = PBXBuildFile; fileRef = 54D62D9F2BA390A200AE21BD /* Prime_To_DoUITests.swift */; };
		54D62DA22BA390A200AE21BD /* Prime_To_DoUITestsLaunchTests.swift in Sources */ = {isa = PBXBuildFile; fileRef = 54D62DA12BA390A200AE21BD /* Prime_To_DoUITestsLaunchTests.swift */; };
		54D62DBB2BA3AA8600AE21BD /* StorageToDoAdapter.swift in Sources */ = {isa = PBXBuildFile; fileRef = 54D62DBA2BA3AA8600AE21BD /* StorageToDoAdapter.swift */; };
		54D62DBD2BA431BB00AE21BD /* ToDoRepositoryPort.swift in Sources */ = {isa = PBXBuildFile; fileRef = 54D62DBC2BA431BB00AE21BD /* ToDoRepositoryPort.swift */; };
		54D62F022BA4532300AE21BD /* TaskRepository.swift in Sources */ = {isa = PBXBuildFile; fileRef = 54D62F012BA4532300AE21BD /* TaskRepository.swift */; };
/* End PBXBuildFile section */

/* Begin PBXContainerItemProxy section */
		54D62D922BA390A200AE21BD /* PBXContainerItemProxy */ = {
			isa = PBXContainerItemProxy;
			containerPortal = 54D62D702BA3909F00AE21BD /* Project object */;
			proxyType = 1;
			remoteGlobalIDString = 54D62D772BA3909F00AE21BD;
			remoteInfo = "Prime-To-Do";
		};
		54D62D9C2BA390A200AE21BD /* PBXContainerItemProxy */ = {
			isa = PBXContainerItemProxy;
			containerPortal = 54D62D702BA3909F00AE21BD /* Project object */;
			proxyType = 1;
			remoteGlobalIDString = 54D62D772BA3909F00AE21BD;
			remoteInfo = "Prime-To-Do";
		};
/* End PBXContainerItemProxy section */

/* Begin PBXFileReference section */
		5469CFB62BA477130069B5AF /* ToDoListItem+CoreDataProperties.swift */ = {isa = PBXFileReference; lastKnownFileType = sourcecode.swift; name = "ToDoListItem+CoreDataProperties.swift"; path = "../../ToDoListItem+CoreDataProperties.swift"; sourceTree = "<group>"; };
		5469CFB82BA4775F0069B5AF /* ToDoListItem+CoreDataClass.swift */ = {isa = PBXFileReference; fileEncoding = 4; lastKnownFileType = sourcecode.swift; path = "ToDoListItem+CoreDataClass.swift"; sourceTree = SOURCE_ROOT; };
		5469CFBC2BA4CD9B0069B5AF /* Utils.swift */ = {isa = PBXFileReference; lastKnownFileType = sourcecode.swift; path = Utils.swift; sourceTree = "<group>"; };
		54D62D782BA3909F00AE21BD /* Prime-To-Do.app */ = {isa = PBXFileReference; explicitFileType = wrapper.application; includeInIndex = 0; path = "Prime-To-Do.app"; sourceTree = BUILT_PRODUCTS_DIR; };
		54D62D7B2BA3909F00AE21BD /* AppDelegate.swift */ = {isa = PBXFileReference; lastKnownFileType = sourcecode.swift; path = AppDelegate.swift; sourceTree = "<group>"; };
		54D62D7D2BA3909F00AE21BD /* SceneDelegate.swift */ = {isa = PBXFileReference; lastKnownFileType = sourcecode.swift; path = SceneDelegate.swift; sourceTree = "<group>"; };
		54D62D7F2BA3909F00AE21BD /* PrimeToDoViewController.swift */ = {isa = PBXFileReference; lastKnownFileType = sourcecode.swift; path = PrimeToDoViewController.swift; sourceTree = "<group>"; };
		54D62D822BA3909F00AE21BD /* Base */ = {isa = PBXFileReference; lastKnownFileType = file.storyboard; name = Base; path = Base.lproj/Main.storyboard; sourceTree = "<group>"; };
		54D62D852BA3909F00AE21BD /* Prime_To_Do.xcdatamodel */ = {isa = PBXFileReference; lastKnownFileType = wrapper.xcdatamodel; path = Prime_To_Do.xcdatamodel; sourceTree = "<group>"; };
		54D62D872BA390A200AE21BD /* Assets.xcassets */ = {isa = PBXFileReference; lastKnownFileType = folder.assetcatalog; path = Assets.xcassets; sourceTree = "<group>"; };
		54D62D8A2BA390A200AE21BD /* Base */ = {isa = PBXFileReference; lastKnownFileType = file.storyboard; name = Base; path = Base.lproj/LaunchScreen.storyboard; sourceTree = "<group>"; };
		54D62D8C2BA390A200AE21BD /* Info.plist */ = {isa = PBXFileReference; lastKnownFileType = text.plist.xml; path = Info.plist; sourceTree = "<group>"; };
		54D62D912BA390A200AE21BD /* Prime-To-DoTests.xctest */ = {isa = PBXFileReference; explicitFileType = wrapper.cfbundle; includeInIndex = 0; path = "Prime-To-DoTests.xctest"; sourceTree = BUILT_PRODUCTS_DIR; };
		54D62D952BA390A200AE21BD /* Prime_To_DoTests.swift */ = {isa = PBXFileReference; lastKnownFileType = sourcecode.swift; path = Prime_To_DoTests.swift; sourceTree = "<group>"; };
		54D62D9B2BA390A200AE21BD /* Prime-To-DoUITests.xctest */ = {isa = PBXFileReference; explicitFileType = wrapper.cfbundle; includeInIndex = 0; path = "Prime-To-DoUITests.xctest"; sourceTree = BUILT_PRODUCTS_DIR; };
		54D62D9F2BA390A200AE21BD /* Prime_To_DoUITests.swift */ = {isa = PBXFileReference; lastKnownFileType = sourcecode.swift; path = Prime_To_DoUITests.swift; sourceTree = "<group>"; };
		54D62DA12BA390A200AE21BD /* Prime_To_DoUITestsLaunchTests.swift */ = {isa = PBXFileReference; lastKnownFileType = sourcecode.swift; path = Prime_To_DoUITestsLaunchTests.swift; sourceTree = "<group>"; };
		54D62DBA2BA3AA8600AE21BD /* StorageToDoAdapter.swift */ = {isa = PBXFileReference; lastKnownFileType = sourcecode.swift; path = StorageToDoAdapter.swift; sourceTree = "<group>"; };
		54D62DBC2BA431BB00AE21BD /* ToDoRepositoryPort.swift */ = {isa = PBXFileReference; lastKnownFileType = sourcecode.swift; path = ToDoRepositoryPort.swift; sourceTree = "<group>"; };
		54D62F012BA4532300AE21BD /* TaskRepository.swift */ = {isa = PBXFileReference; lastKnownFileType = sourcecode.swift; path = TaskRepository.swift; sourceTree = "<group>"; };
/* End PBXFileReference section */

/* Begin PBXFrameworksBuildPhase section */
		54D62D752BA3909F00AE21BD /* Frameworks */ = {
			isa = PBXFrameworksBuildPhase;
			buildActionMask = 2147483647;
			files = (
			);
			runOnlyForDeploymentPostprocessing = 0;
		};
		54D62D8E2BA390A200AE21BD /* Frameworks */ = {
			isa = PBXFrameworksBuildPhase;
			buildActionMask = 2147483647;
			files = (
			);
			runOnlyForDeploymentPostprocessing = 0;
		};
		54D62D982BA390A200AE21BD /* Frameworks */ = {
			isa = PBXFrameworksBuildPhase;
			buildActionMask = 2147483647;
			files = (
			);
			runOnlyForDeploymentPostprocessing = 0;
		};
/* End PBXFrameworksBuildPhase section */

/* Begin PBXGroup section */
		5469CFBE2BA61C9E0069B5AF /* Domain */ = {
			isa = PBXGroup;
			children = (
			);
			path = Domain;
			sourceTree = "<group>";
		};
		54D62D6F2BA3909F00AE21BD = {
			isa = PBXGroup;
			children = (
				54D62D7A2BA3909F00AE21BD /* Prime-To-Do */,
				54D62D942BA390A200AE21BD /* Prime-To-DoTests */,
				54D62D9E2BA390A200AE21BD /* Prime-To-DoUITests */,
				54D62D792BA3909F00AE21BD /* Products */,
			);
			sourceTree = "<group>";
		};
		54D62D792BA3909F00AE21BD /* Products */ = {
			isa = PBXGroup;
			children = (
				54D62D782BA3909F00AE21BD /* Prime-To-Do.app */,
				54D62D912BA390A200AE21BD /* Prime-To-DoTests.xctest */,
				54D62D9B2BA390A200AE21BD /* Prime-To-DoUITests.xctest */,
			);
			name = Products;
			sourceTree = "<group>";
		};
		54D62D7A2BA3909F00AE21BD /* Prime-To-Do */ = {
			isa = PBXGroup;
			children = (
				5469CFBE2BA61C9E0069B5AF /* Domain */,
				54D62DB92BA3957700AE21BD /* Resources */,
				54D62DB62BA394F000AE21BD /* UI */,
				54D62DB42BA394D900AE21BD /* Ports */,
				54D62DB32BA394D000AE21BD /* Adapters */,
				54D62DB22BA394B300AE21BD /* Models */,
				54D62D7B2BA3909F00AE21BD /* AppDelegate.swift */,
				54D62D7D2BA3909F00AE21BD /* SceneDelegate.swift */,
				54D62D812BA3909F00AE21BD /* Main.storyboard */,
				54D62D872BA390A200AE21BD /* Assets.xcassets */,
				54D62D892BA390A200AE21BD /* LaunchScreen.storyboard */,
				54D62D8C2BA390A200AE21BD /* Info.plist */,
				54D62D842BA3909F00AE21BD /* Prime_To_Do.xcdatamodeld */,
			);
			path = "Prime-To-Do";
			sourceTree = "<group>";
		};
		54D62D942BA390A200AE21BD /* Prime-To-DoTests */ = {
			isa = PBXGroup;
			children = (
				54D62D952BA390A200AE21BD /* Prime_To_DoTests.swift */,
			);
			path = "Prime-To-DoTests";
			sourceTree = "<group>";
		};
		54D62D9E2BA390A200AE21BD /* Prime-To-DoUITests */ = {
			isa = PBXGroup;
			children = (
				54D62D9F2BA390A200AE21BD /* Prime_To_DoUITests.swift */,
				54D62DA12BA390A200AE21BD /* Prime_To_DoUITestsLaunchTests.swift */,
			);
			path = "Prime-To-DoUITests";
			sourceTree = "<group>";
		};
		54D62DB22BA394B300AE21BD /* Models */ = {
			isa = PBXGroup;
			children = (
				5469CFB82BA4775F0069B5AF /* ToDoListItem+CoreDataClass.swift */,
				5469CFB62BA477130069B5AF /* ToDoListItem+CoreDataProperties.swift */,
			);
			path = Models;
			sourceTree = "<group>";
		};
		54D62DB32BA394D000AE21BD /* Adapters */ = {
			isa = PBXGroup;
			children = (
				54D62DBC2BA431BB00AE21BD /* ToDoRepositoryPort.swift */,
				54D62F012BA4532300AE21BD /* TaskRepository.swift */,
			);
			path = Adapters;
			sourceTree = "<group>";
		};
		54D62DB42BA394D900AE21BD /* Ports */ = {
			isa = PBXGroup;
			children = (
				54D62DBA2BA3AA8600AE21BD /* StorageToDoAdapter.swift */,
			);
			path = Ports;
			sourceTree = "<group>";
		};
		54D62DB62BA394F000AE21BD /* UI */ = {
			isa = PBXGroup;
			children = (
				54D62D7F2BA3909F00AE21BD /* PrimeToDoViewController.swift */,
				5469CFBC2BA4CD9B0069B5AF /* Utils.swift */,
			);
			path = UI;
			sourceTree = "<group>";
		};
		54D62DB92BA3957700AE21BD /* Resources */ = {
			isa = PBXGroup;
			children = (
			);
			path = Resources;
			sourceTree = "<group>";
		};
/* End PBXGroup section */

/* Begin PBXNativeTarget section */
		54D62D772BA3909F00AE21BD /* Prime-To-Do */ = {
			isa = PBXNativeTarget;
			buildConfigurationList = 54D62DA52BA390A200AE21BD /* Build configuration list for PBXNativeTarget "Prime-To-Do" */;
			buildPhases = (
				54D62D742BA3909F00AE21BD /* Sources */,
				54D62D752BA3909F00AE21BD /* Frameworks */,
				54D62D762BA3909F00AE21BD /* Resources */,
			);
			buildRules = (
			);
			dependencies = (
			);
			name = "Prime-To-Do";
			productName = "Prime-To-Do";
			productReference = 54D62D782BA3909F00AE21BD /* Prime-To-Do.app */;
			productType = "com.apple.product-type.application";
		};
		54D62D902BA390A200AE21BD /* Prime-To-DoTests */ = {
			isa = PBXNativeTarget;
			buildConfigurationList = 54D62DA82BA390A200AE21BD /* Build configuration list for PBXNativeTarget "Prime-To-DoTests" */;
			buildPhases = (
				54D62D8D2BA390A200AE21BD /* Sources */,
				54D62D8E2BA390A200AE21BD /* Frameworks */,
				54D62D8F2BA390A200AE21BD /* Resources */,
			);
			buildRules = (
			);
			dependencies = (
				54D62D932BA390A200AE21BD /* PBXTargetDependency */,
			);
			name = "Prime-To-DoTests";
			productName = "Prime-To-DoTests";
			productReference = 54D62D912BA390A200AE21BD /* Prime-To-DoTests.xctest */;
			productType = "com.apple.product-type.bundle.unit-test";
		};
		54D62D9A2BA390A200AE21BD /* Prime-To-DoUITests */ = {
			isa = PBXNativeTarget;
			buildConfigurationList = 54D62DAB2BA390A200AE21BD /* Build configuration list for PBXNativeTarget "Prime-To-DoUITests" */;
			buildPhases = (
				54D62D972BA390A200AE21BD /* Sources */,
				54D62D982BA390A200AE21BD /* Frameworks */,
				54D62D992BA390A200AE21BD /* Resources */,
			);
			buildRules = (
			);
			dependencies = (
				54D62D9D2BA390A200AE21BD /* PBXTargetDependency */,
			);
			name = "Prime-To-DoUITests";
			productName = "Prime-To-DoUITests";
			productReference = 54D62D9B2BA390A200AE21BD /* Prime-To-DoUITests.xctest */;
			productType = "com.apple.product-type.bundle.ui-testing";
		};
/* End PBXNativeTarget section */

/* Begin PBXProject section */
		54D62D702BA3909F00AE21BD /* Project object */ = {
			isa = PBXProject;
			attributes = {
				BuildIndependentTargetsInParallel = 1;
				LastSwiftUpdateCheck = 1500;
				LastUpgradeCheck = 1500;
				TargetAttributes = {
					54D62D772BA3909F00AE21BD = {
						CreatedOnToolsVersion = 15.0.1;
					};
					54D62D902BA390A200AE21BD = {
						CreatedOnToolsVersion = 15.0.1;
						TestTargetID = 54D62D772BA3909F00AE21BD;
					};
					54D62D9A2BA390A200AE21BD = {
						CreatedOnToolsVersion = 15.0.1;
						TestTargetID = 54D62D772BA3909F00AE21BD;
					};
				};
			};
			buildConfigurationList = 54D62D732BA3909F00AE21BD /* Build configuration list for PBXProject "Prime-To-Do" */;
			compatibilityVersion = "Xcode 14.0";
			developmentRegion = en;
			hasScannedForEncodings = 0;
			knownRegions = (
				en,
				Base,
			);
			mainGroup = 54D62D6F2BA3909F00AE21BD;
			productRefGroup = 54D62D792BA3909F00AE21BD /* Products */;
			projectDirPath = "";
			projectRoot = "";
			targets = (
				54D62D772BA3909F00AE21BD /* Prime-To-Do */,
				54D62D902BA390A200AE21BD /* Prime-To-DoTests */,
				54D62D9A2BA390A200AE21BD /* Prime-To-DoUITests */,
			);
		};
/* End PBXProject section */

/* Begin PBXResourcesBuildPhase section */
		54D62D762BA3909F00AE21BD /* Resources */ = {
			isa = PBXResourcesBuildPhase;
			buildActionMask = 2147483647;
			files = (
				54D62D8B2BA390A200AE21BD /* LaunchScreen.storyboard in Resources */,
				54D62D882BA390A200AE21BD /* Assets.xcassets in Resources */,
				54D62D832BA3909F00AE21BD /* Main.storyboard in Resources */,
			);
			runOnlyForDeploymentPostprocessing = 0;
		};
		54D62D8F2BA390A200AE21BD /* Resources */ = {
			isa = PBXResourcesBuildPhase;
			buildActionMask = 2147483647;
			files = (
			);
			runOnlyForDeploymentPostprocessing = 0;
		};
		54D62D992BA390A200AE21BD /* Resources */ = {
			isa = PBXResourcesBuildPhase;
			buildActionMask = 2147483647;
			files = (
			);
			runOnlyForDeploymentPostprocessing = 0;
		};
/* End PBXResourcesBuildPhase section */

/* Begin PBXSourcesBuildPhase section */
		54D62D742BA3909F00AE21BD /* Sources */ = {
			isa = PBXSourcesBuildPhase;
			buildActionMask = 2147483647;
			files = (
				5469CFB72BA477130069B5AF /* ToDoListItem+CoreDataProperties.swift in Sources */,
				54D62D802BA3909F00AE21BD /* PrimeToDoViewController.swift in Sources */,
				54D62D862BA3909F00AE21BD /* Prime_To_Do.xcdatamodeld in Sources */,
				54D62D7C2BA3909F00AE21BD /* AppDelegate.swift in Sources */,
				54D62F022BA4532300AE21BD /* TaskRepository.swift in Sources */,
				5469CFBD2BA4CD9B0069B5AF /* Utils.swift in Sources */,
				54D62D7E2BA3909F00AE21BD /* SceneDelegate.swift in Sources */,
				54D62DBB2BA3AA8600AE21BD /* StorageToDoAdapter.swift in Sources */,
				5469CFB92BA4775F0069B5AF /* ToDoListItem+CoreDataClass.swift in Sources */,
				54D62DBD2BA431BB00AE21BD /* ToDoRepositoryPort.swift in Sources */,
			);
			runOnlyForDeploymentPostprocessing = 0;
		};
		54D62D8D2BA390A200AE21BD /* Sources */ = {
			isa = PBXSourcesBuildPhase;
			buildActionMask = 2147483647;
			files = (
				54D62D962BA390A200AE21BD /* Prime_To_DoTests.swift in Sources */,
			);
			runOnlyForDeploymentPostprocessing = 0;
		};
		54D62D972BA390A200AE21BD /* Sources */ = {
			isa = PBXSourcesBuildPhase;
			buildActionMask = 2147483647;
			files = (
				54D62DA22BA390A200AE21BD /* Prime_To_DoUITestsLaunchTests.swift in Sources */,
				54D62DA02BA390A200AE21BD /* Prime_To_DoUITests.swift in Sources */,
			);
			runOnlyForDeploymentPostprocessing = 0;
		};
/* End PBXSourcesBuildPhase section */

/* Begin PBXTargetDependency section */
		54D62D932BA390A200AE21BD /* PBXTargetDependency */ = {
			isa = PBXTargetDependency;
			target = 54D62D772BA3909F00AE21BD /* Prime-To-Do */;
			targetProxy = 54D62D922BA390A200AE21BD /* PBXContainerItemProxy */;
		};
		54D62D9D2BA390A200AE21BD /* PBXTargetDependency */ = {
			isa = PBXTargetDependency;
			target = 54D62D772BA3909F00AE21BD /* Prime-To-Do */;
			targetProxy = 54D62D9C2BA390A200AE21BD /* PBXContainerItemProxy */;
		};
/* End PBXTargetDependency section */

/* Begin PBXVariantGroup section */
		54D62D812BA3909F00AE21BD /* Main.storyboard */ = {
			isa = PBXVariantGroup;
			children = (
				54D62D822BA3909F00AE21BD /* Base */,
			);
			name = Main.storyboard;
			sourceTree = "<group>";
		};
		54D62D892BA390A200AE21BD /* LaunchScreen.storyboard */ = {
			isa = PBXVariantGroup;
			children = (
				54D62D8A2BA390A200AE21BD /* Base */,
			);
			name = LaunchScreen.storyboard;
			sourceTree = "<group>";
		};
/* End PBXVariantGroup section */

/* Begin XCBuildConfiguration section */
		54D62DA32BA390A200AE21BD /* Debug */ = {
			isa = XCBuildConfiguration;
			buildSettings = {
				ALWAYS_SEARCH_USER_PATHS = NO;
				ASSETCATALOG_COMPILER_GENERATE_SWIFT_ASSET_SYMBOL_EXTENSIONS = YES;
				CLANG_ANALYZER_NONNULL = YES;
				CLANG_ANALYZER_NUMBER_OBJECT_CONVERSION = YES_AGGRESSIVE;
				CLANG_CXX_LANGUAGE_STANDARD = "gnu++20";
				CLANG_ENABLE_MODULES = YES;
				CLANG_ENABLE_OBJC_ARC = YES;
				CLANG_ENABLE_OBJC_WEAK = YES;
				CLANG_WARN_BLOCK_CAPTURE_AUTORELEASING = YES;
				CLANG_WARN_BOOL_CONVERSION = YES;
				CLANG_WARN_COMMA = YES;
				CLANG_WARN_CONSTANT_CONVERSION = YES;
				CLANG_WARN_DEPRECATED_OBJC_IMPLEMENTATIONS = YES;
				CLANG_WARN_DIRECT_OBJC_ISA_USAGE = YES_ERROR;
				CLANG_WARN_DOCUMENTATION_COMMENTS = YES;
				CLANG_WARN_EMPTY_BODY = YES;
				CLANG_WARN_ENUM_CONVERSION = YES;
				CLANG_WARN_INFINITE_RECURSION = YES;
				CLANG_WARN_INT_CONVERSION = YES;
				CLANG_WARN_NON_LITERAL_NULL_CONVERSION = YES;
				CLANG_WARN_OBJC_IMPLICIT_RETAIN_SELF = YES;
				CLANG_WARN_OBJC_LITERAL_CONVERSION = YES;
				CLANG_WARN_OBJC_ROOT_CLASS = YES_ERROR;
				CLANG_WARN_QUOTED_INCLUDE_IN_FRAMEWORK_HEADER = YES;
				CLANG_WARN_RANGE_LOOP_ANALYSIS = YES;
				CLANG_WARN_STRICT_PROTOTYPES = YES;
				CLANG_WARN_SUSPICIOUS_MOVE = YES;
				CLANG_WARN_UNGUARDED_AVAILABILITY = YES_AGGRESSIVE;
				CLANG_WARN_UNREACHABLE_CODE = YES;
				CLANG_WARN__DUPLICATE_METHOD_MATCH = YES;
				COPY_PHASE_STRIP = NO;
				DEBUG_INFORMATION_FORMAT = dwarf;
				ENABLE_STRICT_OBJC_MSGSEND = YES;
				ENABLE_TESTABILITY = YES;
				ENABLE_USER_SCRIPT_SANDBOXING = YES;
				GCC_C_LANGUAGE_STANDARD = gnu17;
				GCC_DYNAMIC_NO_PIC = NO;
				GCC_NO_COMMON_BLOCKS = YES;
				GCC_OPTIMIZATION_LEVEL = 0;
				GCC_PREPROCESSOR_DEFINITIONS = (
					"DEBUG=1",
					"$(inherited)",
				);
				GCC_WARN_64_TO_32_BIT_CONVERSION = YES;
				GCC_WARN_ABOUT_RETURN_TYPE = YES_ERROR;
				GCC_WARN_UNDECLARED_SELECTOR = YES;
				GCC_WARN_UNINITIALIZED_AUTOS = YES_AGGRESSIVE;
				GCC_WARN_UNUSED_FUNCTION = YES;
				GCC_WARN_UNUSED_VARIABLE = YES;
				IPHONEOS_DEPLOYMENT_TARGET = 17.0;
				LOCALIZATION_PREFERS_STRING_CATALOGS = YES;
				MTL_ENABLE_DEBUG_INFO = INCLUDE_SOURCE;
				MTL_FAST_MATH = YES;
				ONLY_ACTIVE_ARCH = YES;
				SDKROOT = iphoneos;
				SWIFT_ACTIVE_COMPILATION_CONDITIONS = "DEBUG $(inherited)";
				SWIFT_OPTIMIZATION_LEVEL = "-Onone";
			};
			name = Debug;
		};
		54D62DA42BA390A200AE21BD /* Release */ = {
			isa = XCBuildConfiguration;
			buildSettings = {
				ALWAYS_SEARCH_USER_PATHS = NO;
				ASSETCATALOG_COMPILER_GENERATE_SWIFT_ASSET_SYMBOL_EXTENSIONS = YES;
				CLANG_ANALYZER_NONNULL = YES;
				CLANG_ANALYZER_NUMBER_OBJECT_CONVERSION = YES_AGGRESSIVE;
				CLANG_CXX_LANGUAGE_STANDARD = "gnu++20";
				CLANG_ENABLE_MODULES = YES;
				CLANG_ENABLE_OBJC_ARC = YES;
				CLANG_ENABLE_OBJC_WEAK = YES;
				CLANG_WARN_BLOCK_CAPTURE_AUTORELEASING = YES;
				CLANG_WARN_BOOL_CONVERSION = YES;
				CLANG_WARN_COMMA = YES;
				CLANG_WARN_CONSTANT_CONVERSION = YES;
				CLANG_WARN_DEPRECATED_OBJC_IMPLEMENTATIONS = YES;
				CLANG_WARN_DIRECT_OBJC_ISA_USAGE = YES_ERROR;
				CLANG_WARN_DOCUMENTATION_COMMENTS = YES;
				CLANG_WARN_EMPTY_BODY = YES;
				CLANG_WARN_ENUM_CONVERSION = YES;
				CLANG_WARN_INFINITE_RECURSION = YES;
				CLANG_WARN_INT_CONVERSION = YES;
				CLANG_WARN_NON_LITERAL_NULL_CONVERSION = YES;
				CLANG_WARN_OBJC_IMPLICIT_RETAIN_SELF = YES;
				CLANG_WARN_OBJC_LITERAL_CONVERSION = YES;
				CLANG_WARN_OBJC_ROOT_CLASS = YES_ERROR;
				CLANG_WARN_QUOTED_INCLUDE_IN_FRAMEWORK_HEADER = YES;
				CLANG_WARN_RANGE_LOOP_ANALYSIS = YES;
				CLANG_WARN_STRICT_PROTOTYPES = YES;
				CLANG_WARN_SUSPICIOUS_MOVE = YES;
				CLANG_WARN_UNGUARDED_AVAILABILITY = YES_AGGRESSIVE;
				CLANG_WARN_UNREACHABLE_CODE = YES;
				CLANG_WARN__DUPLICATE_METHOD_MATCH = YES;
				COPY_PHASE_STRIP = NO;
				DEBUG_INFORMATION_FORMAT = "dwarf-with-dsym";
				ENABLE_NS_ASSERTIONS = NO;
				ENABLE_STRICT_OBJC_MSGSEND = YES;
				ENABLE_USER_SCRIPT_SANDBOXING = YES;
				GCC_C_LANGUAGE_STANDARD = gnu17;
				GCC_NO_COMMON_BLOCKS = YES;
				GCC_WARN_64_TO_32_BIT_CONVERSION = YES;
				GCC_WARN_ABOUT_RETURN_TYPE = YES_ERROR;
				GCC_WARN_UNDECLARED_SELECTOR = YES;
				GCC_WARN_UNINITIALIZED_AUTOS = YES_AGGRESSIVE;
				GCC_WARN_UNUSED_FUNCTION = YES;
				GCC_WARN_UNUSED_VARIABLE = YES;
				IPHONEOS_DEPLOYMENT_TARGET = 17.0;
				LOCALIZATION_PREFERS_STRING_CATALOGS = YES;
				MTL_ENABLE_DEBUG_INFO = NO;
				MTL_FAST_MATH = YES;
				SDKROOT = iphoneos;
				SWIFT_COMPILATION_MODE = wholemodule;
				VALIDATE_PRODUCT = YES;
			};
			name = Release;
		};
		54D62DA62BA390A200AE21BD /* Debug */ = {
			isa = XCBuildConfiguration;
			buildSettings = {
				ASSETCATALOG_COMPILER_APPICON_NAME = AppIcon;
				ASSETCATALOG_COMPILER_GLOBAL_ACCENT_COLOR_NAME = AccentColor;
				CODE_SIGN_STYLE = Automatic;
				CURRENT_PROJECT_VERSION = 1;
				DEVELOPMENT_TEAM = Z9S7A2G98R;
				GENERATE_INFOPLIST_FILE = YES;
				INFOPLIST_FILE = "Prime-To-Do/Info.plist";
				INFOPLIST_KEY_UIApplicationSupportsIndirectInputEvents = YES;
				INFOPLIST_KEY_UILaunchStoryboardName = LaunchScreen;
				INFOPLIST_KEY_UIMainStoryboardFile = Main;
				INFOPLIST_KEY_UISupportedInterfaceOrientations_iPad = "UIInterfaceOrientationPortrait UIInterfaceOrientationPortraitUpsideDown UIInterfaceOrientationLandscapeLeft UIInterfaceOrientationLandscapeRight";
				INFOPLIST_KEY_UISupportedInterfaceOrientations_iPhone = "UIInterfaceOrientationPortrait UIInterfaceOrientationLandscapeLeft UIInterfaceOrientationLandscapeRight";
				LD_RUNPATH_SEARCH_PATHS = (
					"$(inherited)",
					"@executable_path/Frameworks",
				);
				MARKETING_VERSION = 1.0;
				PRODUCT_BUNDLE_IDENTIFIER = "com.bruno.Prime-To-Do";
				PRODUCT_NAME = "$(TARGET_NAME)";
				SWIFT_EMIT_LOC_STRINGS = YES;
				SWIFT_VERSION = 5.0;
				TARGETED_DEVICE_FAMILY = "1,2";
			};
			name = Debug;
		};
		54D62DA72BA390A200AE21BD /* Release */ = {
			isa = XCBuildConfiguration;
			buildSettings = {
				ASSETCATALOG_COMPILER_APPICON_NAME = AppIcon;
				ASSETCATALOG_COMPILER_GLOBAL_ACCENT_COLOR_NAME = AccentColor;
				CODE_SIGN_STYLE = Automatic;
				CURRENT_PROJECT_VERSION = 1;
				DEVELOPMENT_TEAM = Z9S7A2G98R;
				GENERATE_INFOPLIST_FILE = YES;
				INFOPLIST_FILE = "Prime-To-Do/Info.plist";
				INFOPLIST_KEY_UIApplicationSupportsIndirectInputEvents = YES;
				INFOPLIST_KEY_UILaunchStoryboardName = LaunchScreen;
				INFOPLIST_KEY_UIMainStoryboardFile = Main;
				INFOPLIST_KEY_UISupportedInterfaceOrientations_iPad = "UIInterfaceOrientationPortrait UIInterfaceOrientationPortraitUpsideDown UIInterfaceOrientationLandscapeLeft UIInterfaceOrientationLandscapeRight";
				INFOPLIST_KEY_UISupportedInterfaceOrientations_iPhone = "UIInterfaceOrientationPortrait UIInterfaceOrientationLandscapeLeft UIInterfaceOrientationLandscapeRight";
				LD_RUNPATH_SEARCH_PATHS = (
					"$(inherited)",
					"@executable_path/Frameworks",
				);
				MARKETING_VERSION = 1.0;
				PRODUCT_BUNDLE_IDENTIFIER = "com.bruno.Prime-To-Do";
				PRODUCT_NAME = "$(TARGET_NAME)";
				SWIFT_EMIT_LOC_STRINGS = YES;
				SWIFT_VERSION = 5.0;
				TARGETED_DEVICE_FAMILY = "1,2";
			};
			name = Release;
		};
		54D62DA92BA390A200AE21BD /* Debug */ = {
			isa = XCBuildConfiguration;
			buildSettings = {
				ALWAYS_EMBED_SWIFT_STANDARD_LIBRARIES = YES;
				BUNDLE_LOADER = "$(TEST_HOST)";
				CODE_SIGN_STYLE = Automatic;
				CURRENT_PROJECT_VERSION = 1;
				DEVELOPMENT_TEAM = Z9S7A2G98R;
				GENERATE_INFOPLIST_FILE = YES;
				IPHONEOS_DEPLOYMENT_TARGET = 17.0;
				MARKETING_VERSION = 1.0;
				PRODUCT_BUNDLE_IDENTIFIER = "com.bruno.Prime-To-DoTests";
				PRODUCT_NAME = "$(TARGET_NAME)";
				SWIFT_EMIT_LOC_STRINGS = NO;
				SWIFT_VERSION = 5.0;
				TARGETED_DEVICE_FAMILY = "1,2";
				TEST_HOST = "$(BUILT_PRODUCTS_DIR)/Prime-To-Do.app/$(BUNDLE_EXECUTABLE_FOLDER_PATH)/Prime-To-Do";
			};
			name = Debug;
		};
		54D62DAA2BA390A200AE21BD /* Release */ = {
			isa = XCBuildConfiguration;
			buildSettings = {
				ALWAYS_EMBED_SWIFT_STANDARD_LIBRARIES = YES;
				BUNDLE_LOADER = "$(TEST_HOST)";
				CODE_SIGN_STYLE = Automatic;
				CURRENT_PROJECT_VERSION = 1;
				DEVELOPMENT_TEAM = Z9S7A2G98R;
				GENERATE_INFOPLIST_FILE = YES;
				IPHONEOS_DEPLOYMENT_TARGET = 17.0;
				MARKETING_VERSION = 1.0;
				PRODUCT_BUNDLE_IDENTIFIER = "com.bruno.Prime-To-DoTests";
				PRODUCT_NAME = "$(TARGET_NAME)";
				SWIFT_EMIT_LOC_STRINGS = NO;
				SWIFT_VERSION = 5.0;
				TARGETED_DEVICE_FAMILY = "1,2";
				TEST_HOST = "$(BUILT_PRODUCTS_DIR)/Prime-To-Do.app/$(BUNDLE_EXECUTABLE_FOLDER_PATH)/Prime-To-Do";
			};
			name = Release;
		};
		54D62DAC2BA390A200AE21BD /* Debug */ = {
			isa = XCBuildConfiguration;
			buildSettings = {
				ALWAYS_EMBED_SWIFT_STANDARD_LIBRARIES = YES;
				CODE_SIGN_STYLE = Automatic;
				CURRENT_PROJECT_VERSION = 1;
				DEVELOPMENT_TEAM = Z9S7A2G98R;
				GENERATE_INFOPLIST_FILE = YES;
				MARKETING_VERSION = 1.0;
				PRODUCT_BUNDLE_IDENTIFIER = "com.bruno.Prime-To-DoUITests";
				PRODUCT_NAME = "$(TARGET_NAME)";
				SWIFT_EMIT_LOC_STRINGS = NO;
				SWIFT_VERSION = 5.0;
				TARGETED_DEVICE_FAMILY = "1,2";
				TEST_TARGET_NAME = "Prime-To-Do";
			};
			name = Debug;
		};
		54D62DAD2BA390A200AE21BD /* Release */ = {
			isa = XCBuildConfiguration;
			buildSettings = {
				ALWAYS_EMBED_SWIFT_STANDARD_LIBRARIES = YES;
				CODE_SIGN_STYLE = Automatic;
				CURRENT_PROJECT_VERSION = 1;
				DEVELOPMENT_TEAM = Z9S7A2G98R;
				GENERATE_INFOPLIST_FILE = YES;
				MARKETING_VERSION = 1.0;
				PRODUCT_BUNDLE_IDENTIFIER = "com.bruno.Prime-To-DoUITests";
				PRODUCT_NAME = "$(TARGET_NAME)";
				SWIFT_EMIT_LOC_STRINGS = NO;
				SWIFT_VERSION = 5.0;
				TARGETED_DEVICE_FAMILY = "1,2";
				TEST_TARGET_NAME = "Prime-To-Do";
			};
			name = Release;
		};
/* End XCBuildConfiguration section */

/* Begin XCConfigurationList section */
		54D62D732BA3909F00AE21BD /* Build configuration list for PBXProject "Prime-To-Do" */ = {
			isa = XCConfigurationList;
			buildConfigurations = (
				54D62DA32BA390A200AE21BD /* Debug */,
				54D62DA42BA390A200AE21BD /* Release */,
			);
			defaultConfigurationIsVisible = 0;
			defaultConfigurationName = Release;
		};
		54D62DA52BA390A200AE21BD /* Build configuration list for PBXNativeTarget "Prime-To-Do" */ = {
			isa = XCConfigurationList;
			buildConfigurations = (
				54D62DA62BA390A200AE21BD /* Debug */,
				54D62DA72BA390A200AE21BD /* Release */,
			);
			defaultConfigurationIsVisible = 0;
			defaultConfigurationName = Release;
		};
		54D62DA82BA390A200AE21BD /* Build configuration list for PBXNativeTarget "Prime-To-DoTests" */ = {
			isa = XCConfigurationList;
			buildConfigurations = (
				54D62DA92BA390A200AE21BD /* Debug */,
				54D62DAA2BA390A200AE21BD /* Release */,
			);
			defaultConfigurationIsVisible = 0;
			defaultConfigurationName = Release;
		};
		54D62DAB2BA390A200AE21BD /* Build configuration list for PBXNativeTarget "Prime-To-DoUITests" */ = {
			isa = XCConfigurationList;
			buildConfigurations = (
				54D62DAC2BA390A200AE21BD /* Debug */,
				54D62DAD2BA390A200AE21BD /* Release */,
			);
			defaultConfigurationIsVisible = 0;
			defaultConfigurationName = Release;
		};
/* End XCConfigurationList section */

/* Begin XCVersionGroup section */
		54D62D842BA3909F00AE21BD /* Prime_To_Do.xcdatamodeld */ = {
			isa = XCVersionGroup;
			children = (
				54D62D852BA3909F00AE21BD /* Prime_To_Do.xcdatamodel */,
			);
			currentVersion = 54D62D852BA3909F00AE21BD /* Prime_To_Do.xcdatamodel */;
			path = Prime_To_Do.xcdatamodeld;
			sourceTree = "<group>";
			versionGroupType = wrapper.xcdatamodel;
		};
/* End XCVersionGroup section */
	};
	rootObject = 54D62D702BA3909F00AE21BD /* Project object */;
}
